Microsoft Visual Studio Solution File, Format Version 12.00
# Visual Studio Version 17
VisualStudioVersion = 17.5.2.0
MinimumVisualStudioVersion = 10.0.40219.1
Project("{FAE04EC0-301F-11D3-BF4B-00C04F79EFBC}") = "GenericsClasses", "GenericsClasses.csproj", "{BFA8C7D2-A9D4-EEE5-DA37-ACF14777C180}"
EndProject
Global
	GlobalSection(SolutionConfigurationPlatforms) = preSolution
		Debug|Any CPU = Debug|Any CPU
		Release|Any CPU = Release|Any CPU
	EndGlobalSection
	GlobalSection(ProjectConfigurationPlatforms) = postSolution
		{BFA8C7D2-A9D4-EEE5-DA37-ACF14777C180}.Debug|Any CPU.ActiveCfg = Debug|Any CPU
		{BFA8C7D2-A9D4-EEE5-DA37-ACF14777C180}.Debug|Any CPU.Build.0 = Debug|Any CPU
		{BFA8C7D2-A9D4-EEE5-DA37-ACF14777C180}.Release|Any CPU.ActiveCfg = Release|Any CPU
		{BFA8C7D2-A9D4-EEE5-DA37-ACF14777C180}.Release|Any CPU.Build.0 = Release|Any CPU
	EndGlobalSection
	GlobalSection(SolutionProperties) = preSolution
		HideSolutionNode = FALSE
	EndGlobalSection
	GlobalSection(ExtensibilityGlobals) = postSolution
		SolutionGuid = {66F45CE2-481D-4D3A-A52A-BE3AEA046522}
	EndGlobalSection
EndGlobal
